{
  "requires": true,
  "lockfileVersion": 1,
  "dependencies": {
    "bootstrap": {
      "version": "3.3.5",
      "resolved": "https://registry.npmjs.org/bootstrap/-/bootstrap-3.3.5.tgz",
      "integrity": "sha1-F3ereSmbEo2H3OfL2G/cRqxpwLE="
    },
    "jquery": {
      "version": "3.4.1",
      "resolved": "https://registry.npmjs.org/jquery/-/jquery-3.4.1.tgz",
      "integrity": "sha512-36+AdBzCL+y6qjw5Tx7HgzeGCzC81MDDgaUP8ld2zhx58HdqXGoBd+tHdrBMiyjGQs0Hxs/MLZTu/eHNJJuWPw=="
    },
    "ztree": {
      "version": "3.5.23",
      "resolved": "https://registry.npmjs.org/ztree/-/ztree-3.5.23.tgz",
      "integrity": "sha1-B1tEfu7rey5YwTKDN9E1n+Jb+2c=",
      "requires": {
        "jquery": ">=1.4.4"
      }
    }
  }
}
